// !$*UTF8*$!
{
	archiveVersion = 1;
	classes = {
	};
	objectVersion = 50;
	objects = {

/* Begin PBXBuildFile section */
		72062BBC265666CD00044920 /* AppDelegate.swift in Sources */ = {isa = PBXBuildFile; fileRef = 72062BBB265666CD00044920 /* AppDelegate.swift */; };
		72062BBE265666CD00044920 /* ContentView.swift in Sources */ = {isa = PBXBuildFile; fileRef = 72062BBD265666CD00044920 /* ContentView.swift */; };
		72062BC1265666CD00044920 /* TreadmillBT.xcdatamodeld in Sources */ = {isa = PBXBuildFile; fileRef = 72062BBF265666CD00044920 /* TreadmillBT.xcdatamodeld */; };
		72062BC3265666CF00044920 /* Assets.xcassets in Resources */ = {isa = PBXBuildFile; fileRef = 72062BC2265666CF00044920 /* Assets.xcassets */; };
		72062BC6265666CF00044920 /* Preview Assets.xcassets in Resources */ = {isa = PBXBuildFile; fileRef = 72062BC5265666CF00044920 /* Preview Assets.xcassets */; };
		72062BC9265666CF00044920 /* Main.storyboard in Resources */ = {isa = PBXBuildFile; fileRef = 72062BC7265666CF00044920 /* Main.storyboard */; };
		72062BD22656674300044920 /* MainViewController.swift in Sources */ = {isa = PBXBuildFile; fileRef = 72062BD12656674300044920 /* MainViewController.swift */; };
		72062BD4265667AF00044920 /* StatusBarController.swift in Sources */ = {isa = PBXBuildFile; fileRef = 72062BD3265667AF00044920 /* StatusBarController.swift */; };
		72062BFF2657DE5700044920 /* BluetoothService.swift in Sources */ = {isa = PBXBuildFile; fileRef = 72062BFE2657DE5700044920 /* BluetoothService.swift */; };
		72062C02265BB11200044920 /* TreadmillParser.swift in Sources */ = {isa = PBXBuildFile; fileRef = 72062C01265BB11200044920 /* TreadmillParser.swift */; };
		72062C05265BB48E00044920 /* TreadmillState.swift in Sources */ = {isa = PBXBuildFile; fileRef = 72062C04265BB48E00044920 /* TreadmillState.swift */; };
		72062C08265BB57E00044920 /* SessionViewModel.swift in Sources */ = {isa = PBXBuildFile; fileRef = 72062C07265BB57E00044920 /* SessionViewModel.swift */; };
		72062C0A265BD26F00044920 /* TreadmillRun.swift in Sources */ = {isa = PBXBuildFile; fileRef = 72062C09265BD26F00044920 /* TreadmillRun.swift */; };
		72062C0D265CFE7200044920 /* TreadmillValuesProvider.swift in Sources */ = {isa = PBXBuildFile; fileRef = 72062C0C265CFE7200044920 /* TreadmillValuesProvider.swift */; };
		72062C10265D98CE00044920 /* Measurement+extensions.swift in Sources */ = {isa = PBXBuildFile; fileRef = 72062C0F265D98CE00044920 /* Measurement+extensions.swift */; };
		72062C12265D9BE200044920 /* RunningView.swift in Sources */ = {isa = PBXBuildFile; fileRef = 72062C11265D9BE200044920 /* RunningView.swift */; };
		720E4208265E641B001685FF /* Run+CoreData.swift in Sources */ = {isa = PBXBuildFile; fileRef = 720E4207265E641B001685FF /* Run+CoreData.swift */; };
		720E420B265E75DB001685FF /* PersistanceService.swift in Sources */ = {isa = PBXBuildFile; fileRef = 720E420A265E75DB001685FF /* PersistanceService.swift */; };
		720E5727265F8D8100C4E56E /* TodaysSummaryView.swift in Sources */ = {isa = PBXBuildFile; fileRef = 720E5726265F8D8100C4E56E /* TodaysSummaryView.swift */; };
		720E5729265F8E3500C4E56E /* TodaysRunsView.swift in Sources */ = {isa = PBXBuildFile; fileRef = 720E5728265F8E3500C4E56E /* TodaysRunsView.swift */; };
		720E572B266009BA00C4E56E /* VisualEffectView.swift in Sources */ = {isa = PBXBuildFile; fileRef = 720E572A266009BA00C4E56E /* VisualEffectView.swift */; };
		72430751265ECD3D00F4461F /* Formatters.swift in Sources */ = {isa = PBXBuildFile; fileRef = 72430750265ECD3D00F4461F /* Formatters.swift */; };
		72430753265ED6D000F4461F /* Typealiases.swift in Sources */ = {isa = PBXBuildFile; fileRef = 72430752265ED6D000F4461F /* Typealiases.swift */; };
		F6C5B63FCD1AD41BF4F0DD3E /* UserDataProvider.swift in Sources */ = {isa = PBXBuildFile; fileRef = F6C5B9801FA901E60AA29032 /* UserDataProvider.swift */; };
		F6C5B87CCC6826B2B5BA3D6E /* UserDefaultsKey.swift in Sources */ = {isa = PBXBuildFile; fileRef = F6C5B580CD0F12E4D9B0A684 /* UserDefaultsKey.swift */; };
		F6C5BB574E61F36E40147927 /* SettingsView.swift in Sources */ = {isa = PBXBuildFile; fileRef = F6C5BE97CEC1AAD62685CD39 /* SettingsView.swift */; };
		F6C5BDF11767AE51F3B8B66E /* DefaultUserDataProvider.swift in Sources */ = {isa = PBXBuildFile; fileRef = F6C5BA17E44D488CCA86DAF5 /* DefaultUserDataProvider.swift */; };
/* End PBXBuildFile section */

/* Begin PBXFileReference section */
		72062BB8265666CD00044920 /* TreadmillBT.app */ = {isa = PBXFileReference; explicitFileType = wrapper.application; includeInIndex = 0; path = TreadmillBT.app; sourceTree = BUILT_PRODUCTS_DIR; };
		72062BBB265666CD00044920 /* AppDelegate.swift */ = {isa = PBXFileReference; lastKnownFileType = sourcecode.swift; path = AppDelegate.swift; sourceTree = "<group>"; };
		72062BBD265666CD00044920 /* ContentView.swift */ = {isa = PBXFileReference; lastKnownFileType = sourcecode.swift; path = ContentView.swift; sourceTree = "<group>"; };
		72062BC0265666CD00044920 /* TreadmillBT.xcdatamodel */ = {isa = PBXFileReference; lastKnownFileType = wrapper.xcdatamodel; path = TreadmillBT.xcdatamodel; sourceTree = "<group>"; };
		72062BC2265666CF00044920 /* Assets.xcassets */ = {isa = PBXFileReference; lastKnownFileType = folder.assetcatalog; path = Assets.xcassets; sourceTree = "<group>"; };
		72062BC5265666CF00044920 /* Preview Assets.xcassets */ = {isa = PBXFileReference; lastKnownFileType = folder.assetcatalog; path = "Preview Assets.xcassets"; sourceTree = "<group>"; };
		72062BC8265666CF00044920 /* Base */ = {isa = PBXFileReference; lastKnownFileType = file.storyboard; name = Base; path = Base.lproj/Main.storyboard; sourceTree = "<group>"; };
		72062BCA265666CF00044920 /* Info.plist */ = {isa = PBXFileReference; lastKnownFileType = text.plist.xml; path = Info.plist; sourceTree = "<group>"; };
		72062BCB265666CF00044920 /* TreadmillBT.entitlements */ = {isa = PBXFileReference; lastKnownFileType = text.plist.entitlements; path = TreadmillBT.entitlements; sourceTree = "<group>"; };
		72062BD12656674300044920 /* MainViewController.swift */ = {isa = PBXFileReference; lastKnownFileType = sourcecode.swift; path = MainViewController.swift; sourceTree = "<group>"; };
		72062BD3265667AF00044920 /* StatusBarController.swift */ = {isa = PBXFileReference; lastKnownFileType = sourcecode.swift; path = StatusBarController.swift; sourceTree = "<group>"; };
		72062BFE2657DE5700044920 /* BluetoothService.swift */ = {isa = PBXFileReference; lastKnownFileType = sourcecode.swift; path = BluetoothService.swift; sourceTree = "<group>"; };
		72062C01265BB11200044920 /* TreadmillParser.swift */ = {isa = PBXFileReference; lastKnownFileType = sourcecode.swift; path = TreadmillParser.swift; sourceTree = "<group>"; };
		72062C04265BB48E00044920 /* TreadmillState.swift */ = {isa = PBXFileReference; lastKnownFileType = sourcecode.swift; path = TreadmillState.swift; sourceTree = "<group>"; };
		72062C07265BB57E00044920 /* SessionViewModel.swift */ = {isa = PBXFileReference; lastKnownFileType = sourcecode.swift; path = SessionViewModel.swift; sourceTree = "<group>"; };
		72062C09265BD26F00044920 /* TreadmillRun.swift */ = {isa = PBXFileReference; lastKnownFileType = sourcecode.swift; path = TreadmillRun.swift; sourceTree = "<group>"; };
		72062C0C265CFE7200044920 /* TreadmillValuesProvider.swift */ = {isa = PBXFileReference; lastKnownFileType = sourcecode.swift; path = TreadmillValuesProvider.swift; sourceTree = "<group>"; };
		72062C0F265D98CE00044920 /* Measurement+extensions.swift */ = {isa = PBXFileReference; lastKnownFileType = sourcecode.swift; path = "Measurement+extensions.swift"; sourceTree = "<group>"; };
		72062C11265D9BE200044920 /* RunningView.swift */ = {isa = PBXFileReference; lastKnownFileType = sourcecode.swift; path = RunningView.swift; sourceTree = "<group>"; };
		720E4207265E641B001685FF /* Run+CoreData.swift */ = {isa = PBXFileReference; lastKnownFileType = sourcecode.swift; path = "Run+CoreData.swift"; sourceTree = "<group>"; };
		720E420A265E75DB001685FF /* PersistanceService.swift */ = {isa = PBXFileReference; lastKnownFileType = sourcecode.swift; path = PersistanceService.swift; sourceTree = "<group>"; };
		720E5726265F8D8100C4E56E /* TodaysSummaryView.swift */ = {isa = PBXFileReference; lastKnownFileType = sourcecode.swift; path = TodaysSummaryView.swift; sourceTree = "<group>"; };
		720E5728265F8E3500C4E56E /* TodaysRunsView.swift */ = {isa = PBXFileReference; lastKnownFileType = sourcecode.swift; path = TodaysRunsView.swift; sourceTree = "<group>"; };
		720E572A266009BA00C4E56E /* VisualEffectView.swift */ = {isa = PBXFileReference; lastKnownFileType = sourcecode.swift; path = VisualEffectView.swift; sourceTree = "<group>"; };
		72430750265ECD3D00F4461F /* Formatters.swift */ = {isa = PBXFileReference; lastKnownFileType = sourcecode.swift; path = Formatters.swift; sourceTree = "<group>"; };
		72430752265ED6D000F4461F /* Typealiases.swift */ = {isa = PBXFileReference; lastKnownFileType = sourcecode.swift; path = Typealiases.swift; sourceTree = "<group>"; };
		F6C5B580CD0F12E4D9B0A684 /* UserDefaultsKey.swift */ = {isa = PBXFileReference; fileEncoding = 4; lastKnownFileType = sourcecode.swift; path = UserDefaultsKey.swift; sourceTree = "<group>"; };
		F6C5B9801FA901E60AA29032 /* UserDataProvider.swift */ = {isa = PBXFileReference; fileEncoding = 4; lastKnownFileType = sourcecode.swift; path = UserDataProvider.swift; sourceTree = "<group>"; };
		F6C5BA17E44D488CCA86DAF5 /* DefaultUserDataProvider.swift */ = {isa = PBXFileReference; fileEncoding = 4; lastKnownFileType = sourcecode.swift; path = DefaultUserDataProvider.swift; sourceTree = "<group>"; };
		F6C5BE97CEC1AAD62685CD39 /* SettingsView.swift */ = {isa = PBXFileReference; fileEncoding = 4; lastKnownFileType = sourcecode.swift; path = SettingsView.swift; sourceTree = "<group>"; };
/* End PBXFileReference section */

/* Begin PBXFrameworksBuildPhase section */
		72062BB5265666CD00044920 /* Frameworks */ = {
			isa = PBXFrameworksBuildPhase;
			buildActionMask = 2147483647;
			files = (
			);
			runOnlyForDeploymentPostprocessing = 0;
		};
/* End PBXFrameworksBuildPhase section */

/* Begin PBXGroup section */
		72062BAF265666CD00044920 = {
			isa = PBXGroup;
			children = (
				72062BBA265666CD00044920 /* TreadmillBT */,
				72062BB9265666CD00044920 /* Products */,
			);
			sourceTree = "<group>";
		};
		72062BB9265666CD00044920 /* Products */ = {
			isa = PBXGroup;
			children = (
				72062BB8265666CD00044920 /* TreadmillBT.app */,
			);
			name = Products;
			sourceTree = "<group>";
		};
		72062BBA265666CD00044920 /* TreadmillBT */ = {
			isa = PBXGroup;
			children = (
				7243074F265ECD3200F4461F /* Constants */,
				720E4209265E69E9001685FF /* ViewModel */,
				72062C0E265D98C100044920 /* Extensions */,
				72062C0B265CFE6300044920 /* Protocols */,
				72062C06265BB56A00044920 /* Models */,
				72062C03265BB47F00044920 /* Enums */,
				72062C00265BB10600044920 /* Parsers */,
				72062BFD2657DE4B00044920 /* Services */,
				72062BFC2657D34200044920 /* UI */,
				72062BFA2657D2E600044920 /* Resources */,
				72062BF92657D2AE00044920 /* ViewControllers */,
				72062BF82657D2A500044920 /* Views */,
				72062BBB265666CD00044920 /* AppDelegate.swift */,
				72062BCA265666CF00044920 /* Info.plist */,
				72062BCB265666CF00044920 /* TreadmillBT.entitlements */,
				72062BBF265666CD00044920 /* TreadmillBT.xcdatamodeld */,
			);
			path = TreadmillBT;
			sourceTree = "<group>";
		};
		72062BF82657D2A500044920 /* Views */ = {
			isa = PBXGroup;
			children = (
				72062BBD265666CD00044920 /* ContentView.swift */,
				72062C11265D9BE200044920 /* RunningView.swift */,
				720E5726265F8D8100C4E56E /* TodaysSummaryView.swift */,
				720E5728265F8E3500C4E56E /* TodaysRunsView.swift */,
				720E572A266009BA00C4E56E /* VisualEffectView.swift */,
				F6C5BE97CEC1AAD62685CD39 /* SettingsView.swift */,
			);
			path = Views;
			sourceTree = "<group>";
		};
		72062BF92657D2AE00044920 /* ViewControllers */ = {
			isa = PBXGroup;
			children = (
				72062BD12656674300044920 /* MainViewController.swift */,
				72062BD3265667AF00044920 /* StatusBarController.swift */,
			);
			path = ViewControllers;
			sourceTree = "<group>";
		};
		72062BFA2657D2E600044920 /* Resources */ = {
			isa = PBXGroup;
			children = (
				72062BFB2657D31D00044920 /* Preview */,
				72062BC2265666CF00044920 /* Assets.xcassets */,
			);
			path = Resources;
			sourceTree = "<group>";
		};
		72062BFB2657D31D00044920 /* Preview */ = {
			isa = PBXGroup;
			children = (
				72062BC5265666CF00044920 /* Preview Assets.xcassets */,
			);
			path = Preview;
			sourceTree = "<group>";
		};
		72062BFC2657D34200044920 /* UI */ = {
			isa = PBXGroup;
			children = (
				72062BC7265666CF00044920 /* Main.storyboard */,
			);
			path = UI;
			sourceTree = "<group>";
		};
		72062BFD2657DE4B00044920 /* Services */ = {
			isa = PBXGroup;
			children = (
				72062BFE2657DE5700044920 /* BluetoothService.swift */,
				720E420A265E75DB001685FF /* PersistanceService.swift */,
				F6C5BA17E44D488CCA86DAF5 /* DefaultUserDataProvider.swift */,
			);
			path = Services;
			sourceTree = "<group>";
		};
		72062C00265BB10600044920 /* Parsers */ = {
			isa = PBXGroup;
			children = (
				72062C01265BB11200044920 /* TreadmillParser.swift */,
			);
			path = Parsers;
			sourceTree = "<group>";
		};
		72062C03265BB47F00044920 /* Enums */ = {
			isa = PBXGroup;
			children = (
				72062C04265BB48E00044920 /* TreadmillState.swift */,
				F6C5B580CD0F12E4D9B0A684 /* UserDefaultsKey.swift */,
			);
			path = Enums;
			sourceTree = "<group>";
		};
		72062C06265BB56A00044920 /* Models */ = {
			isa = PBXGroup;
			children = (
				72062C09265BD26F00044920 /* TreadmillRun.swift */,
				720E4207265E641B001685FF /* Run+CoreData.swift */,
			);
			path = Models;
			sourceTree = "<group>";
		};
		72062C0B265CFE6300044920 /* Protocols */ = {
			isa = PBXGroup;
			children = (
				72062C0C265CFE7200044920 /* TreadmillValuesProvider.swift */,
				F6C5B9801FA901E60AA29032 /* UserDataProvider.swift */,
			);
			path = Protocols;
			sourceTree = "<group>";
		};
		72062C0E265D98C100044920 /* Extensions */ = {
			isa = PBXGroup;
			children = (
				72062C0F265D98CE00044920 /* Measurement+extensions.swift */,
			);
			path = Extensions;
			sourceTree = "<group>";
		};
		720E4209265E69E9001685FF /* ViewModel */ = {
			isa = PBXGroup;
			children = (
				72062C07265BB57E00044920 /* SessionViewModel.swift */,
			);
			path = ViewModel;
			sourceTree = "<group>";
		};
		7243074F265ECD3200F4461F /* Constants */ = {
			isa = PBXGroup;
			children = (
				72430750265ECD3D00F4461F /* Formatters.swift */,
				72430752265ED6D000F4461F /* Typealiases.swift */,
			);
			path = Constants;
			sourceTree = "<group>";
		};
/* End PBXGroup section */

/* Begin PBXNativeTarget section */
		72062BB7265666CD00044920 /* TreadmillBT */ = {
			isa = PBXNativeTarget;
			buildConfigurationList = 72062BCE265666CF00044920 /* Build configuration list for PBXNativeTarget "TreadmillBT" */;
			buildPhases = (
				72062BB4265666CD00044920 /* Sources */,
				72062BB5265666CD00044920 /* Frameworks */,
				72062BB6265666CD00044920 /* Resources */,
			);
			buildRules = (
			);
			dependencies = (
			);
			name = TreadmillBT;
			productName = TreadmillBT;
			productReference = 72062BB8265666CD00044920 /* TreadmillBT.app */;
			productType = "com.apple.product-type.application";
		};
/* End PBXNativeTarget section */

/* Begin PBXProject section */
		72062BB0265666CD00044920 /* Project object */ = {
			isa = PBXProject;
			attributes = {
				LastSwiftUpdateCheck = 1250;
				LastUpgradeCheck = 1250;
				TargetAttributes = {
					72062BB7265666CD00044920 = {
						CreatedOnToolsVersion = 12.5;
					};
				};
			};
			buildConfigurationList = 72062BB3265666CD00044920 /* Build configuration list for PBXProject "TreadmillBT" */;
			compatibilityVersion = "Xcode 9.3";
			developmentRegion = en;
			hasScannedForEncodings = 0;
			knownRegions = (
				en,
				Base,
			);
			mainGroup = 72062BAF265666CD00044920;
			productRefGroup = 72062BB9265666CD00044920 /* Products */;
			projectDirPath = "";
			projectRoot = "";
			targets = (
				72062BB7265666CD00044920 /* TreadmillBT */,
			);
		};
/* End PBXProject section */

/* Begin PBXResourcesBuildPhase section */
		72062BB6265666CD00044920 /* Resources */ = {
			isa = PBXResourcesBuildPhase;
			buildActionMask = 2147483647;
			files = (
				72062BC9265666CF00044920 /* Main.storyboard in Resources */,
				72062BC6265666CF00044920 /* Preview Assets.xcassets in Resources */,
				72062BC3265666CF00044920 /* Assets.xcassets in Resources */,
			);
			runOnlyForDeploymentPostprocessing = 0;
		};
/* End PBXResourcesBuildPhase section */

/* Begin PBXSourcesBuildPhase section */
		72062BB4265666CD00044920 /* Sources */ = {
			isa = PBXSourcesBuildPhase;
			buildActionMask = 2147483647;
			files = (
				720E4208265E641B001685FF /* Run+CoreData.swift in Sources */,
				72062C02265BB11200044920 /* TreadmillParser.swift in Sources */,
				72430751265ECD3D00F4461F /* Formatters.swift in Sources */,
				72062C0D265CFE7200044920 /* TreadmillValuesProvider.swift in Sources */,
				72062C12265D9BE200044920 /* RunningView.swift in Sources */,
				720E572B266009BA00C4E56E /* VisualEffectView.swift in Sources */,
				720E420B265E75DB001685FF /* PersistanceService.swift in Sources */,
				72062BBE265666CD00044920 /* ContentView.swift in Sources */,
				72062BC1265666CD00044920 /* TreadmillBT.xcdatamodeld in Sources */,
				72062C10265D98CE00044920 /* Measurement+extensions.swift in Sources */,
				72062BBC265666CD00044920 /* AppDelegate.swift in Sources */,
				72062BD4265667AF00044920 /* StatusBarController.swift in Sources */,
				72062BFF2657DE5700044920 /* BluetoothService.swift in Sources */,
				72062C0A265BD26F00044920 /* TreadmillRun.swift in Sources */,
				72062C08265BB57E00044920 /* SessionViewModel.swift in Sources */,
				72062C05265BB48E00044920 /* TreadmillState.swift in Sources */,
				720E5727265F8D8100C4E56E /* TodaysSummaryView.swift in Sources */,
				72062BD22656674300044920 /* MainViewController.swift in Sources */,
				72430753265ED6D000F4461F /* Typealiases.swift in Sources */,
				720E5729265F8E3500C4E56E /* TodaysRunsView.swift in Sources */,
				F6C5B63FCD1AD41BF4F0DD3E /* UserDataProvider.swift in Sources */,
				F6C5BDF11767AE51F3B8B66E /* DefaultUserDataProvider.swift in Sources */,
				F6C5B87CCC6826B2B5BA3D6E /* UserDefaultsKey.swift in Sources */,
				F6C5BB574E61F36E40147927 /* SettingsView.swift in Sources */,
			);
			runOnlyForDeploymentPostprocessing = 0;
		};
/* End PBXSourcesBuildPhase section */

/* Begin PBXVariantGroup section */
		72062BC7265666CF00044920 /* Main.storyboard */ = {
			isa = PBXVariantGroup;
			children = (
				72062BC8265666CF00044920 /* Base */,
			);
			name = Main.storyboard;
			sourceTree = "<group>";
		};
/* End PBXVariantGroup section */

/* Begin XCBuildConfiguration section */
		72062BCC265666CF00044920 /* Debug */ = {
			isa = XCBuildConfiguration;
			buildSettings = {
				ALWAYS_SEARCH_USER_PATHS = NO;
				CLANG_ANALYZER_NONNULL = YES;
				CLANG_ANALYZER_NUMBER_OBJECT_CONVERSION = YES_AGGRESSIVE;
				CLANG_CXX_LANGUAGE_STANDARD = "gnu++14";
				CLANG_CXX_LIBRARY = "libc++";
				CLANG_ENABLE_MODULES = YES;
				CLANG_ENABLE_OBJC_ARC = YES;
				CLANG_ENABLE_OBJC_WEAK = YES;
				CLANG_WARN_BLOCK_CAPTURE_AUTORELEASING = YES;
				CLANG_WARN_BOOL_CONVERSION = YES;
				CLANG_WARN_COMMA = YES;
				CLANG_WARN_CONSTANT_CONVERSION = YES;
				CLANG_WARN_DEPRECATED_OBJC_IMPLEMENTATIONS = YES;
				CLANG_WARN_DIRECT_OBJC_ISA_USAGE = YES_ERROR;
				CLANG_WARN_DOCUMENTATION_COMMENTS = YES;
				CLANG_WARN_EMPTY_BODY = YES;
				CLANG_WARN_ENUM_CONVERSION = YES;
				CLANG_WARN_INFINITE_RECURSION = YES;
				CLANG_WARN_INT_CONVERSION = YES;
				CLANG_WARN_NON_LITERAL_NULL_CONVERSION = YES;
				CLANG_WARN_OBJC_IMPLICIT_RETAIN_SELF = YES;
				CLANG_WARN_OBJC_LITERAL_CONVERSION = YES;
				CLANG_WARN_OBJC_ROOT_CLASS = YES_ERROR;
				CLANG_WARN_QUOTED_INCLUDE_IN_FRAMEWORK_HEADER = YES;
				CLANG_WARN_RANGE_LOOP_ANALYSIS = YES;
				CLANG_WARN_STRICT_PROTOTYPES = YES;
				CLANG_WARN_SUSPICIOUS_MOVE = YES;
				CLANG_WARN_UNGUARDED_AVAILABILITY = YES_AGGRESSIVE;
				CLANG_WARN_UNREACHABLE_CODE = YES;
				CLANG_WARN__DUPLICATE_METHOD_MATCH = YES;
				COPY_PHASE_STRIP = NO;
				DEBUG_INFORMATION_FORMAT = dwarf;
				ENABLE_STRICT_OBJC_MSGSEND = YES;
				ENABLE_TESTABILITY = YES;
				GCC_C_LANGUAGE_STANDARD = gnu11;
				GCC_DYNAMIC_NO_PIC = NO;
				GCC_NO_COMMON_BLOCKS = YES;
				GCC_OPTIMIZATION_LEVEL = 0;
				GCC_PREPROCESSOR_DEFINITIONS = (
					"DEBUG=1",
					"$(inherited)",
				);
				GCC_WARN_64_TO_32_BIT_CONVERSION = YES;
				GCC_WARN_ABOUT_RETURN_TYPE = YES_ERROR;
				GCC_WARN_UNDECLARED_SELECTOR = YES;
				GCC_WARN_UNINITIALIZED_AUTOS = YES_AGGRESSIVE;
				GCC_WARN_UNUSED_FUNCTION = YES;
				GCC_WARN_UNUSED_VARIABLE = YES;
				MACOSX_DEPLOYMENT_TARGET = 11.3;
				MTL_ENABLE_DEBUG_INFO = INCLUDE_SOURCE;
				MTL_FAST_MATH = YES;
				ONLY_ACTIVE_ARCH = YES;
				SDKROOT = macosx;
				SWIFT_ACTIVE_COMPILATION_CONDITIONS = DEBUG;
				SWIFT_OPTIMIZATION_LEVEL = "-Onone";
			};
			name = Debug;
		};
		72062BCD265666CF00044920 /* Release */ = {
			isa = XCBuildConfiguration;
			buildSettings = {
				ALWAYS_SEARCH_USER_PATHS = NO;
				CLANG_ANALYZER_NONNULL = YES;
				CLANG_ANALYZER_NUMBER_OBJECT_CONVERSION = YES_AGGRESSIVE;
				CLANG_CXX_LANGUAGE_STANDARD = "gnu++14";
				CLANG_CXX_LIBRARY = "libc++";
				CLANG_ENABLE_MODULES = YES;
				CLANG_ENABLE_OBJC_ARC = YES;
				CLANG_ENABLE_OBJC_WEAK = YES;
				CLANG_WARN_BLOCK_CAPTURE_AUTORELEASING = YES;
				CLANG_WARN_BOOL_CONVERSION = YES;
				CLANG_WARN_COMMA = YES;
				CLANG_WARN_CONSTANT_CONVERSION = YES;
				CLANG_WARN_DEPRECATED_OBJC_IMPLEMENTATIONS = YES;
				CLANG_WARN_DIRECT_OBJC_ISA_USAGE = YES_ERROR;
				CLANG_WARN_DOCUMENTATION_COMMENTS = YES;
				CLANG_WARN_EMPTY_BODY = YES;
				CLANG_WARN_ENUM_CONVERSION = YES;
				CLANG_WARN_INFINITE_RECURSION = YES;
				CLANG_WARN_INT_CONVERSION = YES;
				CLANG_WARN_NON_LITERAL_NULL_CONVERSION = YES;
				CLANG_WARN_OBJC_IMPLICIT_RETAIN_SELF = YES;
				CLANG_WARN_OBJC_LITERAL_CONVERSION = YES;
				CLANG_WARN_OBJC_ROOT_CLASS = YES_ERROR;
				CLANG_WARN_QUOTED_INCLUDE_IN_FRAMEWORK_HEADER = YES;
				CLANG_WARN_RANGE_LOOP_ANALYSIS = YES;
				CLANG_WARN_STRICT_PROTOTYPES = YES;
				CLANG_WARN_SUSPICIOUS_MOVE = YES;
				CLANG_WARN_UNGUARDED_AVAILABILITY = YES_AGGRESSIVE;
				CLANG_WARN_UNREACHABLE_CODE = YES;
				CLANG_WARN__DUPLICATE_METHOD_MATCH = YES;
				COPY_PHASE_STRIP = NO;
				DEBUG_INFORMATION_FORMAT = "dwarf-with-dsym";
				ENABLE_NS_ASSERTIONS = NO;
				ENABLE_STRICT_OBJC_MSGSEND = YES;
				GCC_C_LANGUAGE_STANDARD = gnu11;
				GCC_NO_COMMON_BLOCKS = YES;
				GCC_WARN_64_TO_32_BIT_CONVERSION = YES;
				GCC_WARN_ABOUT_RETURN_TYPE = YES_ERROR;
				GCC_WARN_UNDECLARED_SELECTOR = YES;
				GCC_WARN_UNINITIALIZED_AUTOS = YES_AGGRESSIVE;
				GCC_WARN_UNUSED_FUNCTION = YES;
				GCC_WARN_UNUSED_VARIABLE = YES;
				MACOSX_DEPLOYMENT_TARGET = 11.3;
				MTL_ENABLE_DEBUG_INFO = NO;
				MTL_FAST_MATH = YES;
				SDKROOT = macosx;
				SWIFT_COMPILATION_MODE = wholemodule;
				SWIFT_OPTIMIZATION_LEVEL = "-O";
			};
			name = Release;
		};
		72062BCF265666CF00044920 /* Debug */ = {
			isa = XCBuildConfiguration;
			buildSettings = {
				ASSETCATALOG_COMPILER_APPICON_NAME = AppIcon;
				ASSETCATALOG_COMPILER_GLOBAL_ACCENT_COLOR_NAME = AccentColor;
				CODE_SIGN_ENTITLEMENTS = TreadmillBT/TreadmillBT.entitlements;
				CODE_SIGN_STYLE = Automatic;
				COMBINE_HIDPI_IMAGES = YES;
				DEVELOPMENT_ASSET_PATHS = "\"TreadmillBT/Resources/Preview\"";
				DEVELOPMENT_TEAM = DJGL9PFH9D;
				ENABLE_HARDENED_RUNTIME = YES;
				ENABLE_PREVIEWS = YES;
				INFOPLIST_FILE = TreadmillBT/Info.plist;
				LD_RUNPATH_SEARCH_PATHS = (
					"$(inherited)",
					"@executable_path/../Frameworks",
				);
				MACOSX_DEPLOYMENT_TARGET = 11.0;
				PRODUCT_BUNDLE_IDENTIFIER = pl.ldomaradzki.TreadmillBT;
				PRODUCT_NAME = "$(TARGET_NAME)";
				SWIFT_VERSION = 5.0;
			};
			name = Debug;
		};
		72062BD0265666CF00044920 /* Release */ = {
			isa = XCBuildConfiguration;
			buildSettings = {
				ASSETCATALOG_COMPILER_APPICON_NAME = AppIcon;
				ASSETCATALOG_COMPILER_GLOBAL_ACCENT_COLOR_NAME = AccentColor;
				CODE_SIGN_ENTITLEMENTS = TreadmillBT/TreadmillBT.entitlements;
				CODE_SIGN_STYLE = Automatic;
				COMBINE_HIDPI_IMAGES = YES;
				DEVELOPMENT_ASSET_PATHS = "\"TreadmillBT/Resources/Preview\"";
				DEVELOPMENT_TEAM = DJGL9PFH9D;
				ENABLE_HARDENED_RUNTIME = YES;
				ENABLE_PREVIEWS = YES;
				INFOPLIST_FILE = TreadmillBT/Info.plist;
				LD_RUNPATH_SEARCH_PATHS = (
					"$(inherited)",
					"@executable_path/../Frameworks",
				);
				MACOSX_DEPLOYMENT_TARGET = 11.0;
				PRODUCT_BUNDLE_IDENTIFIER = pl.ldomaradzki.TreadmillBT;
				PRODUCT_NAME = "$(TARGET_NAME)";
				SWIFT_VERSION = 5.0;
			};
			name = Release;
		};
/* End XCBuildConfiguration section */

/* Begin XCConfigurationList section */
		72062BB3265666CD00044920 /* Build configuration list for PBXProject "TreadmillBT" */ = {
			isa = XCConfigurationList;
			buildConfigurations = (
				72062BCC265666CF00044920 /* Debug */,
				72062BCD265666CF00044920 /* Release */,
			);
			defaultConfigurationIsVisible = 0;
			defaultConfigurationName = Release;
		};
		72062BCE265666CF00044920 /* Build configuration list for PBXNativeTarget "TreadmillBT" */ = {
			isa = XCConfigurationList;
			buildConfigurations = (
				72062BCF265666CF00044920 /* Debug */,
				72062BD0265666CF00044920 /* Release */,
			);
			defaultConfigurationIsVisible = 0;
			defaultConfigurationName = Release;
		};
/* End XCConfigurationList section */

/* Begin XCVersionGroup section */
		72062BBF265666CD00044920 /* TreadmillBT.xcdatamodeld */ = {
			isa = XCVersionGroup;
			children = (
				72062BC0265666CD00044920 /* TreadmillBT.xcdatamodel */,
			);
			currentVersion = 72062BC0265666CD00044920 /* TreadmillBT.xcdatamodel */;
			path = TreadmillBT.xcdatamodeld;
			sourceTree = "<group>";
			versionGroupType = wrapper.xcdatamodel;
		};
/* End XCVersionGroup section */
	};
	rootObject = 72062BB0265666CD00044920 /* Project object */;
}
